
Microsoft Visual Studio Solution File, Format Version 12.00
# Visual Studio Version 17
VisualStudioVersion = 17.7.34031.279
MinimumVisualStudioVersion = 10.0.40219.1
Project("{FAE04EC0-301F-11D3-BF4B-00C04F79EFBC}") = "FinanceManagementApplication", "FinanceManagementApplication.csproj", "{B5C95D36-262B-4163-8076-2E43F91E1AD0}"
EndProject
Global
	GlobalSection(SolutionConfigurationPlatforms) = preSolution
		Debug|Any CPU = Debug|Any CPU
		Release|Any CPU = Release|Any CPU
	EndGlobalSection
	GlobalSection(ProjectConfigurationPlatforms) = postSolution
		{B5C95D36-262B-4163-8076-2E43F91E1AD0}.Debug|Any CPU.ActiveCfg = Debug|Any CPU
		{B5C95D36-262B-4163-8076-2E43F91E1AD0}.Debug|Any CPU.Build.0 = Debug|Any CPU
		{B5C95D36-262B-4163-8076-2E43F91E1AD0}.Release|Any CPU.ActiveCfg = Release|Any CPU
		{B5C95D36-262B-4163-8076-2E43F91E1AD0}.Release|Any CPU.Build.0 = Release|Any CPU
	EndGlobalSection
	GlobalSection(SolutionProperties) = preSolution
		HideSolutionNode = FALSE
	EndGlobalSection
	GlobalSection(ExtensibilityGlobals) = postSolution
		SolutionGuid = {D10FBF9C-4FFA-441C-9322-AA1208D98FE7}
	EndGlobalSection
EndGlobal
